PODS:
  - Alamofire (4.8.2)
  - AlamofireImage (3.5.2):
    - Alamofire (~> 4.8)
  - Freddy (3.0.3)
  - XCDYouTubeKit (2.7.3)

DEPENDENCIES:
  - Alamofire (~> 4.0)
  - AlamofireImage (~> 3.5)
  - Freddy
  - XCDYouTubeKit (~> 2.7)

SPEC REPOS:
  https://github.com/cocoapods/specs.git:
    - Alamofire
    - AlamofireImage
    - Freddy
    - XCDYouTubeKit

SPEC CHECKSUMS:
  Alamofire: ae5c501addb7afdbb13687d7f2f722c78734c2d3
  AlamofireImage: 63cfe3baf1370be6c498149687cf6db3e3b00999
  Freddy: 7c62db262a0d0e3b3e2b8b40f2c0cc51e122fbc4
  XCDYouTubeKit: 3f4fd3eb3ed494a46a8f007b91315eed6dd6df1f

PODFILE CHECKSUM: 0ec49c226e78be8116e22b2901736f018b0eb736

COCOAPODS: 1.6.1
